
Microsoft Visual Studio Solution File, Format Version 12.00
# Visual Studio 15
VisualStudioVersion = 15.0.28307.902
MinimumVisualStudioVersion = 10.0.40219.1
Project("{9A19103F-16F7-4668-BE54-9A1E7A4F7556}") = "RubiksSharp", "RubiksSharp\RubiksSharp.csproj", "{FE27CD37-D870-4964-80F0-7A4555D72E70}"
EndProject
Project("{9A19103F-16F7-4668-BE54-9A1E7A4F7556}") = "Test.Component", "Test.Component\Test.Component.csproj", "{CF969AF1-D891-4E62-9F7C-1366E18E0DD9}"
EndProject
Project("{FAE04EC0-301F-11D3-BF4B-00C04F79EFBC}") = "RubiksSharp.Viewer", "RubiksSharp.Viewer\RubiksSharp.Viewer.csproj", "{B6FBD1CD-9DD5-454F-B195-325AE893E5BC}"
EndProject
Global
	GlobalSection(SolutionConfigurationPlatforms) = preSolution
		Debug|Any CPU = Debug|Any CPU
		Release|Any CPU = Release|Any CPU
	EndGlobalSection
	GlobalSection(ProjectConfigurationPlatforms) = postSolution
		{FE27CD37-D870-4964-80F0-7A4555D72E70}.Debug|Any CPU.ActiveCfg = Debug|Any CPU
		{FE27CD37-D870-4964-80F0-7A4555D72E70}.Debug|Any CPU.Build.0 = Debug|Any CPU
		{FE27CD37-D870-4964-80F0-7A4555D72E70}.Release|Any CPU.ActiveCfg = Release|Any CPU
		{FE27CD37-D870-4964-80F0-7A4555D72E70}.Release|Any CPU.Build.0 = Release|Any CPU
		{CF969AF1-D891-4E62-9F7C-1366E18E0DD9}.Debug|Any CPU.ActiveCfg = Debug|Any CPU
		{CF969AF1-D891-4E62-9F7C-1366E18E0DD9}.Debug|Any CPU.Build.0 = Debug|Any CPU
		{CF969AF1-D891-4E62-9F7C-1366E18E0DD9}.Release|Any CPU.ActiveCfg = Release|Any CPU
		{CF969AF1-D891-4E62-9F7C-1366E18E0DD9}.Release|Any CPU.Build.0 = Release|Any CPU
		{B6FBD1CD-9DD5-454F-B195-325AE893E5BC}.Debug|Any CPU.ActiveCfg = Debug|Any CPU
		{B6FBD1CD-9DD5-454F-B195-325AE893E5BC}.Debug|Any CPU.Build.0 = Debug|Any CPU
		{B6FBD1CD-9DD5-454F-B195-325AE893E5BC}.Release|Any CPU.ActiveCfg = Release|Any CPU
		{B6FBD1CD-9DD5-454F-B195-325AE893E5BC}.Release|Any CPU.Build.0 = Release|Any CPU
	EndGlobalSection
	GlobalSection(SolutionProperties) = preSolution
		HideSolutionNode = FALSE
	EndGlobalSection
	GlobalSection(ExtensibilityGlobals) = postSolution
		SolutionGuid = {755A6236-8ABD-4279-BC6C-A44568EFBBEA}
	EndGlobalSection
EndGlobal
